{
    "format_version": "1.1",
    "terraform_version": "1.3.3",
    "planned_values": {
        "root_module": {
            "resources": [
                {
                    "address": "google_project_iam_custom_role.my-custom-role",
                    "mode": "managed",
                    "type": "google_project_iam_custom_role",
                    "name": "my-custom-role",
                    "provider_name": "registry.terraform.io/hashicorp/google",
                    "schema_version": 0,
                    "values": {
                        "description": "A description",
                        "permissions": [
                            "iam.roles.create",
                            "iam.roles.delete",
                            "iam.roles.list"
                        ],
                        "project": "w-secteam-target-prod",
                        "role_id": "myCustomRole",
                        "stage": "GA",
                        "title": "My Custom Role"
                    },
                    "sensitive_values": {
                        "permissions": [
                            false,
                            false,
                            false
                        ]
                    }
                },
                {
                    "address": "google_project_iam_member.customRoleBindingForSA",
                    "mode": "managed",
                    "type": "google_project_iam_member",
                    "name": "customRoleBindingForSA",
                    "provider_name": "registry.terraform.io/hashicorp/google",
                    "schema_version": 0,
                    "values": {
                        "condition": [],
                        "member": "serviceAccount:dev-env@w-secteam-app-pipeline.iam.gserviceaccount.com",
                        "project": "w-secteam-target-prod",
                        "role": "w-secteam-target-prod/roles/myCustomRole"
                    },
                    "sensitive_values": {
                        "condition": []
                    }
                },
                {
                    "address": "google_project_iam_member.storageAdminSABinding",
                    "mode": "managed",
                    "type": "google_project_iam_member",
                    "name": "storageAdminSABinding",
                    "provider_name": "registry.terraform.io/hashicorp/google",
                    "schema_version": 0,
                    "values": {
                        "condition": [],
                        "member": "serviceAccount:dev-env@w-secteam-app-pipeline.iam.gserviceaccount.com",
                        "project": "w-secteam-target-prod",
                        "role": "roles/storage.admin"
                    },
                    "sensitive_values": {
                        "condition": []
                    }
                },
                {
                    "address": "google_storage_bucket.test-storage-bucket",
                    "mode": "managed",
                    "type": "google_storage_bucket",
                    "name": "test-storage-bucket",
                    "provider_name": "registry.terraform.io/hashicorp/google",
                    "schema_version": 0,
                    "values": {
                        "cors": [],
                        "custom_placement_config": [],
                        "default_event_based_hold": null,
                        "encryption": [],
                        "force_destroy": true,
                        "labels": null,
                        "lifecycle_rule": [],
                        "location": "US",
                        "logging": [],
                        "name": "w-secteam-target-prod",
                        "project": "w-secteam-target-prod",
                        "requester_pays": null,
                        "retention_policy": [],
                        "storage_class": "STANDARD",
                        "timeouts": null,
                        "website": []
                    },
                    "sensitive_values": {
                        "cors": [],
                        "custom_placement_config": [],
                        "encryption": [],
                        "lifecycle_rule": [],
                        "logging": [],
                        "retention_policy": [],
                        "versioning": [],
                        "website": []
                    }
                }
            ]
        }
    },
    "resource_changes": [
        {
            "address": "google_project_iam_custom_role.my-custom-role",
            "mode": "managed",
            "type": "google_project_iam_custom_role",
            "name": "my-custom-role",
            "provider_name": "registry.terraform.io/hashicorp/google",
            "change": {
                "actions": [
                    "create"
                ],
                "before": null,
                "after": {
                    "description": "A description",
                    "permissions": [
                        "iam.roles.create",
                        "iam.roles.delete",
                        "iam.roles.list"
                    ],
                    "project": "w-secteam-target-prod",
                    "role_id": "myCustomRole",
                    "stage": "GA",
                    "title": "My Custom Role"
                },
                "after_unknown": {
                    "deleted": true,
                    "id": true,
                    "name": true,
                    "permissions": [
                        false,
                        false,
                        false
                    ]
                },
                "before_sensitive": false,
                "after_sensitive": {
                    "permissions": [
                        false,
                        false,
                        false
                    ]
                }
            }
        },
        {
            "address": "google_project_iam_member.customRoleBindingForSA",
            "mode": "managed",
            "type": "google_project_iam_member",
            "name": "customRoleBindingForSA",
            "provider_name": "registry.terraform.io/hashicorp/google",
            "change": {
                "actions": [
                    "create"
                ],
                "before": null,
                "after": {
                    "condition": [],
                    "member": "serviceAccount:dev-env@w-secteam-app-pipeline.iam.gserviceaccount.com",
                    "project": "w-secteam-target-prod",
                    "role": "w-secteam-target-prod/roles/myCustomRole"
                },
                "after_unknown": {
                    "condition": [],
                    "etag": true,
                    "id": true
                },
                "before_sensitive": false,
                "after_sensitive": {
                    "condition": []
                }
            }
        },
        {
            "address": "google_project_iam_member.storageAdminSABinding",
            "mode": "managed",
            "type": "google_project_iam_member",
            "name": "storageAdminSABinding",
            "provider_name": "registry.terraform.io/hashicorp/google",
            "change": {
                "actions": [
                    "create"
                ],
                "before": null,
                "after": {
                    "condition": [],
                    "member": "serviceAccount:dev-env@w-secteam-app-pipeline.iam.gserviceaccount.com",
                    "project": "w-secteam-target-prod",
                    "role": "roles/storage.admin"
                },
                "after_unknown": {
                    "condition": [],
                    "etag": true,
                    "id": true
                },
                "before_sensitive": false,
                "after_sensitive": {
                    "condition": []
                }
            }
        },
        {
            "address": "google_storage_bucket.test-storage-bucket",
            "mode": "managed",
            "type": "google_storage_bucket",
            "name": "test-storage-bucket",
            "provider_name": "registry.terraform.io/hashicorp/google",
            "change": {
                "actions": [
                    "create"
                ],
                "before": null,
                "after": {
                    "cors": [],
                    "custom_placement_config": [],
                    "default_event_based_hold": null,
                    "encryption": [],
                    "force_destroy": true,
                    "labels": null,
                    "lifecycle_rule": [],
                    "location": "US",
                    "logging": [],
                    "name": "w-secteam-target-prod",
                    "project": "w-secteam-target-prod",
                    "requester_pays": null,
                    "retention_policy": [],
                    "storage_class": "STANDARD",
                    "timeouts": null,
                    "website": []
                },
                "after_unknown": {
                    "cors": [],
                    "custom_placement_config": [],
                    "encryption": [],
                    "id": true,
                    "lifecycle_rule": [],
                    "logging": [],
                    "retention_policy": [],
                    "self_link": true,
                    "uniform_bucket_level_access": true,
                    "url": true,
                    "versioning": true,
                    "website": []
                },
                "before_sensitive": false,
                "after_sensitive": {
                    "cors": [],
                    "custom_placement_config": [],
                    "encryption": [],
                    "lifecycle_rule": [],
                    "logging": [],
                    "retention_policy": [],
                    "versioning": [],
                    "website": []
                }
            }
        }
    ],
    "configuration": {
        "provider_config": {
            "google": {
                "name": "google",
                "full_name": "registry.terraform.io/hashicorp/google"
            }
        },
        "root_module": {
            "resources": [
                {
                    "address": "google_project_iam_custom_role.my-custom-role",
                    "mode": "managed",
                    "type": "google_project_iam_custom_role",
                    "name": "my-custom-role",
                    "provider_config_key": "google",
                    "expressions": {
                        "description": {
                            "constant_value": "A description"
                        },
                        "permissions": {
                            "constant_value": [
                                "iam.roles.list",
                                "iam.roles.create",
                                "iam.roles.delete"
                            ]
                        },
                        "project": {
                            "constant_value": "w-secteam-target-prod"
                        },
                        "role_id": {
                            "constant_value": "myCustomRole"
                        },
                        "title": {
                            "constant_value": "My Custom Role"
                        }
                    },
                    "schema_version": 0
                },
                {
                    "address": "google_project_iam_member.customRoleBindingForSA",
                    "mode": "managed",
                    "type": "google_project_iam_member",
                    "name": "customRoleBindingForSA",
                    "provider_config_key": "google",
                    "expressions": {
                        "member": {
                            "constant_value": "serviceAccount:dev-env@w-secteam-app-pipeline.iam.gserviceaccount.com"
                        },
                        "project": {
                            "constant_value": "w-secteam-target-prod"
                        },
                        "role": {
                            "constant_value": "w-secteam-target-prod/roles/myCustomRole"
                        }
                    },
                    "schema_version": 0
                },
                {
                    "address": "google_project_iam_member.storageAdminSABinding",
                    "mode": "managed",
                    "type": "google_project_iam_member",
                    "name": "storageAdminSABinding",
                    "provider_config_key": "google",
                    "expressions": {
                        "member": {
                            "constant_value": "serviceAccount:dev-env@w-secteam-app-pipeline.iam.gserviceaccount.com"
                        },
                        "project": {
                            "constant_value": "w-secteam-target-prod"
                        },
                        "role": {
                            "constant_value": "roles/storage.admin"
                        }
                    },
                    "schema_version": 0
                },
                {
                    "address": "google_storage_bucket.test-storage-bucket",
                    "mode": "managed",
                    "type": "google_storage_bucket",
                    "name": "test-storage-bucket",
                    "provider_config_key": "google",
                    "expressions": {
                        "force_destroy": {
                            "constant_value": true
                        },
                        "location": {
                            "constant_value": "US"
                        },
                        "name": {
                            "constant_value": "w-secteam-target-prod"
                        },
                        "project": {
                            "constant_value": "w-secteam-target-prod"
                        }
                    },
                    "schema_version": 0
                }
            ]
        }
    }
}